PackratFormat: 1.4
PackratVersion: 0.4.8.1
RVersion: 3.3.1
Repos: CRAN=https://cran.rstudio.com/

Package: BH
Source: CRAN
Version: 1.62.0-1
Hash: 14dfb3e8ffe20996118306ff4de1fab2

Package: DBI
Source: CRAN
Version: 0.6-1
Hash: 4aef5bda70897c1663d5b8bae2f4419a

Package: R6
Source: CRAN
Version: 2.2.0
Hash: 712773a3439bd32db5c40938e1a9aac2

Package: RColorBrewer
Source: CRAN
Version: 1.1-2
Hash: c0d56cd15034f395874c870141870c25

Package: Rcpp
Source: CRAN
Version: 0.12.10
Hash: 6cf65d0dd6a92f2d43c8d4805d33efe9

Package: RgoogleMaps
Source: CRAN
Version: 1.4.1
Hash: 3310ba24c8436b297d1fb60ac4324ff2
Requires: png

Package: animation
Source: CRAN
Version: 2.5
Hash: 2db95e150a4835a0c203686c934b0369

Package: assertthat
Source: CRAN
Version: 0.1
Hash: 0afb92b59b02593c70ff8046700ba9d3

Package: base64enc
Source: CRAN
Version: 0.1-3
Hash: c590d29e555926af053055e23ee79efb

Package: colorspace
Source: CRAN
Version: 1.3-2
Hash: 0bf8618b585fa98eb23414cd3ab95118

Package: curl
Source: CRAN
Version: 2.3
Hash: 9a0b969942c61511002e103f7b047b98

Package: dichromat
Source: CRAN
Version: 2.0-0
Hash: 08eed0c80510af29bb15f840ccfe37ce

Package: digest
Source: CRAN
Version: 0.6.12
Hash: e53fb8c58673df868183697e39a6a4d6

Package: dplyr
Source: CRAN
Version: 0.5.0
Hash: 673660fd0b947477dab1044abc8b2c95
Requires: BH, DBI, R6, Rcpp, assertthat, lazyeval, magrittr, tibble

Package: geosphere
Source: CRAN
Version: 1.5-5
Hash: 6772bef0f3f3aaa58b475479c03ff596
Requires: sp

Package: gganimate
Source: github
Version: 0.1.0.9000
Hash: 3958891c87a2dc00eebd1a5177080be8
Requires: animation, base64enc, ggplot2, htmltools, plyr, withr
GithubRepo: gganimate
GithubUsername: dgrtwo
GithubRef: master
GithubSha1: bf82002063a7d7e83085722102d80d5643a1e0c5

Package: ggmap
Source: CRAN
Version: 2.6.1
Hash: 3e5545418aab1ad8e47c218236dd4f0b
Requires: RgoogleMaps, digest, geosphere, ggplot2, jpeg, mapproj, plyr,
    png, proto, reshape2, rjson, scales

Package: ggplot2
Source: CRAN
Version: 2.2.1
Hash: 46e5cb78836848aa44655e577433f54b
Requires: digest, gtable, lazyeval, plyr, reshape2, scales, tibble

Package: ggthemes
Source: CRAN
Version: 3.4.0
Hash: e9f85417507c5352fc05de654bb6f1ab
Requires: assertthat, colorspace, ggplot2, scales

Package: gtable
Source: CRAN
Version: 0.2.0
Hash: cd78381a9d3fea966ac39bd0daaf5554

Package: hexbin
Source: CRAN
Version: 1.27.1
Hash: 9f94c576cc4b9e83fd714ae8387272e6

Package: htmltools
Source: CRAN
Version: 0.3.5
Hash: 3411e0671a44177109dc1a9e4a6bd2a4
Requires: Rcpp, digest

Package: htmlwidgets
Source: CRAN
Version: 0.8
Hash: e7a3c80acddc2412f96d616949e40bb8
Requires: htmltools, jsonlite, yaml

Package: httpuv
Source: CRAN
Version: 1.3.3
Hash: 15df1efb155731a0ac9c0bfd84f13499
Requires: Rcpp

Package: httr
Source: CRAN
Version: 1.2.1
Hash: 7de1f8f760441881804af7c1ff324340
Requires: R6, curl, jsonlite, mime, openssl

Package: jpeg
Source: CRAN
Version: 0.1-8
Hash: 189af3df9864c6aa8546033f08ba9358

Package: jsonlite
Source: CRAN
Version: 1.4
Hash: 24cc0ffeb1771d710173d9803a131870

Package: labeling
Source: CRAN
Version: 0.3
Hash: ecf589b42cd284b03a4beb9665482d3e

Package: lazyeval
Source: CRAN
Version: 0.2.0
Hash: 3d6e7608e65bbf5cb170dab1e3c9ed8b

Package: lubridate
Source: CRAN
Version: 1.6.0
Hash: b90f4cbefe0b3c545dd68b22c66a8a12
Requires: stringr

Package: magrittr
Source: CRAN
Version: 1.5
Hash: bdc4d48c3135e8f3b399536ddf160df4

Package: mapproj
Source: CRAN
Version: 1.2-4
Hash: e4c4eaf5289ffa74413a9cd71584cb1d
Requires: maps

Package: maps
Source: CRAN
Version: 3.1.1
Hash: 4a0a1b1764bfe2c41c6fc21790408caf

Package: mime
Source: CRAN
Version: 0.5
Hash: 463550cf44fb6f0a2359368f42eebe62

Package: munsell
Source: CRAN
Version: 0.4.3
Hash: f96d896947fcaf9b6d0074002e9f4f9d
Requires: colorspace

Package: openssl
Source: CRAN
Version: 0.9.6
Hash: 5f4711e142a44655dfea4d64fcf2f641

Package: packrat
Source: CRAN
Version: 0.4.8-1
Hash: 6ad605ba7b4b476d84be6632393f5765

Package: plotly
Source: CRAN
Version: 4.5.6
Hash: f55e6b78f2701911b98cb23d7e3d2bcb
Requires: base64enc, digest, dplyr, ggplot2, hexbin, htmlwidgets, httr,
    jsonlite, lazyeval, magrittr, purrr, scales, tibble, tidyr,
    viridisLite

Package: plyr
Source: CRAN
Version: 1.8.4
Hash: c9ddbdcfd74ff964e3e7d0b692a8dd70
Requires: Rcpp

Package: png
Source: CRAN
Version: 0.1-7
Hash: 421d7d6e0fb4bd885ecbd909b6456b8b

Package: proto
Source: CRAN
Version: 1.0.0
Hash: f9a2528572320c1e0bc8783dfd6e0fae

Package: purrr
Source: CRAN
Version: 0.2.2
Hash: 9f218b40dee7fe7f942039f974bd98b8
Requires: BH, Rcpp, dplyr, lazyeval, magrittr

Package: reshape2
Source: CRAN
Version: 1.4.2
Hash: 790c06c11c84041b814139d731a872b9
Requires: Rcpp, plyr, stringr

Package: rjson
Source: CRAN
Version: 0.2.15
Hash: def074f38d0cff3b597649ee6f976128

Package: rtweet
Source: CRAN
Version: 0.4.0
Hash: 05cc74d2d0ec6f9c874ff8c1bc5963cc
Requires: httr, jsonlite, magrittr, openssl

Package: scales
Source: CRAN
Version: 0.4.1
Hash: 2d008b6e3fb9938255669ddf3c85f1f3
Requires: RColorBrewer, Rcpp, dichromat, labeling, munsell, plyr

Package: shiny
Source: CRAN
Version: 1.0.1
Hash: 26d81d2e377b54e68a02f3651c39df81
Requires: R6, digest, htmltools, httpuv, jsonlite, mime, sourcetools,
    xtable

Package: sourcetools
Source: CRAN
Version: 0.1.6
Hash: 226d56d7469587da40b0f96180e711b4

Package: sp
Source: CRAN
Version: 1.2-4
Hash: 4ffcf86fffee89e7b859f760528dd545

Package: stringi
Source: CRAN
Version: 1.1.5
Hash: b6308e49357a0b475f433599e0d8b5eb

Package: stringr
Source: CRAN
Version: 1.2.0
Hash: 25a86d7f410513ebb7c0bc6a5e16bdc3
Requires: magrittr, stringi

Package: tibble
Source: CRAN
Version: 1.3.0
Hash: 8de64ed3345488e66b676875ed1ebdce
Requires: Rcpp, lazyeval

Package: tidyr
Source: CRAN
Version: 0.6.1
Hash: 18d0eb5251ee17447cb84df1a7f010b2
Requires: Rcpp, dplyr, lazyeval, magrittr, stringi, tibble

Package: viridisLite
Source: CRAN
Version: 0.2.0
Hash: 10f0c25af3dc84eaae10f5854f47efdb

Package: withr
Source: CRAN
Version: 1.0.2
Hash: 774eb7be9087cdc24b53b74e5359cfac

Package: xtable
Source: CRAN
Version: 1.8-2
Hash: 7293235cfcc14cdff1ce7fd1a0212031

Package: yaml
Source: CRAN
Version: 2.1.14
Hash: c81230c3a7d9ba20607ad6b4331173d1
